// !$*UTF8*$!
{
	archiveVersion = 1;
	classes = {
	};
	objectVersion = 56;
	objects = {

/* Begin PBXBuildFile section */
		71342DCA918B7B8C53F1BB7C /* Pods_WeatherSky_WeatherSkyUITests.framework in Frameworks */ = {isa = PBXBuildFile; fileRef = 6481C37E23CBEAF8AFEB5FE2 /* Pods_WeatherSky_WeatherSkyUITests.framework */; };
		7C02E3DA2AC30B2D003B88ED /* SettingsViewController.swift in Sources */ = {isa = PBXBuildFile; fileRef = 7C02E3D92AC30B2D003B88ED /* SettingsViewController.swift */; };
		7C02E3DC2AC30B51003B88ED /* TabViewController.swift in Sources */ = {isa = PBXBuildFile; fileRef = 7C02E3DB2AC30B51003B88ED /* TabViewController.swift */; };
		7C02E3DE2AC3CE14003B88ED /* CurrentWeatherView.swift in Sources */ = {isa = PBXBuildFile; fileRef = 7C02E3DD2AC3CE14003B88ED /* CurrentWeatherView.swift */; };
		7C02E3E02AC3CE4D003B88ED /* SettingsView.swift in Sources */ = {isa = PBXBuildFile; fileRef = 7C02E3DF2AC3CE4D003B88ED /* SettingsView.swift */; };
		7C73A5C86F0F353FB1482126 /* Pods_WeatherSkyTests.framework in Frameworks */ = {isa = PBXBuildFile; fileRef = CDB77F9B532DDC084B1E4794 /* Pods_WeatherSkyTests.framework */; };
		7CBA6A1F2AC2E5B30036BCEA /* StoreKit.framework in Frameworks */ = {isa = PBXBuildFile; fileRef = 7CBA6A1E2AC2E5B30036BCEA /* StoreKit.framework */; };
		7CDCEF792AC2D6F50041C135 /* AppDelegate.swift in Sources */ = {isa = PBXBuildFile; fileRef = 7CDCEF782AC2D6F50041C135 /* AppDelegate.swift */; };
		7CDCEF7B2AC2D6F50041C135 /* SceneDelegate.swift in Sources */ = {isa = PBXBuildFile; fileRef = 7CDCEF7A2AC2D6F50041C135 /* SceneDelegate.swift */; };
		7CDCEF7D2AC2D6F50041C135 /* WeatherViewController.swift in Sources */ = {isa = PBXBuildFile; fileRef = 7CDCEF7C2AC2D6F50041C135 /* WeatherViewController.swift */; };
		7CDCEF822AC2D6F90041C135 /* Assets.xcassets in Resources */ = {isa = PBXBuildFile; fileRef = 7CDCEF812AC2D6F90041C135 /* Assets.xcassets */; };
		7CDCEF852AC2D6F90041C135 /* LaunchScreen.storyboard in Resources */ = {isa = PBXBuildFile; fileRef = 7CDCEF832AC2D6F90041C135 /* LaunchScreen.storyboard */; };
		7CDCEF902AC2D6F90041C135 /* WeatherSkyTests.swift in Sources */ = {isa = PBXBuildFile; fileRef = 7CDCEF8F2AC2D6F90041C135 /* WeatherSkyTests.swift */; };
		7CDCEF9A2AC2D6F90041C135 /* WeatherSkyUITests.swift in Sources */ = {isa = PBXBuildFile; fileRef = 7CDCEF992AC2D6F90041C135 /* WeatherSkyUITests.swift */; };
		7CDCEF9C2AC2D6F90041C135 /* WeatherSkyUITestsLaunchTests.swift in Sources */ = {isa = PBXBuildFile; fileRef = 7CDCEF9B2AC2D6F90041C135 /* WeatherSkyUITestsLaunchTests.swift */; };
		7CDCEFAF2AC2E03F0041C135 /* LocationManager.swift in Sources */ = {isa = PBXBuildFile; fileRef = 7CDCEFAE2AC2E03F0041C135 /* LocationManager.swift */; };
		7CDCEFB12AC2E0810041C135 /* IAPManager.swift in Sources */ = {isa = PBXBuildFile; fileRef = 7CDCEFB02AC2E0810041C135 /* IAPManager.swift */; };
		7CDCEFB32AC2E0C10041C135 /* WeatherManager.swift in Sources */ = {isa = PBXBuildFile; fileRef = 7CDCEFB22AC2E0C10041C135 /* WeatherManager.swift */; };
		AF5157DF6E1B21EEFCB72178 /* Pods_WeatherSky.framework in Frameworks */ = {isa = PBXBuildFile; fileRef = CD0B27D831B6EB44331370CE /* Pods_WeatherSky.framework */; };
/* End PBXBuildFile section */

/* Begin PBXContainerItemProxy section */
		7CDCEF8C2AC2D6F90041C135 /* PBXContainerItemProxy */ = {
			isa = PBXContainerItemProxy;
			containerPortal = 7CDCEF6D2AC2D6F50041C135 /* Project object */;
			proxyType = 1;
			remoteGlobalIDString = 7CDCEF742AC2D6F50041C135;
			remoteInfo = WeatherSky;
		};
		7CDCEF962AC2D6F90041C135 /* PBXContainerItemProxy */ = {
			isa = PBXContainerItemProxy;
			containerPortal = 7CDCEF6D2AC2D6F50041C135 /* Project object */;
			proxyType = 1;
			remoteGlobalIDString = 7CDCEF742AC2D6F50041C135;
			remoteInfo = WeatherSky;
		};
/* End PBXContainerItemProxy section */

/* Begin PBXFileReference section */
		294CB0E82A7A64D162B3BAA1 /* Pods-WeatherSky-WeatherSkyUITests.release.xcconfig */ = {isa = PBXFileReference; includeInIndex = 1; lastKnownFileType = text.xcconfig; name = "Pods-WeatherSky-WeatherSkyUITests.release.xcconfig"; path = "Target Support Files/Pods-WeatherSky-WeatherSkyUITests/Pods-WeatherSky-WeatherSkyUITests.release.xcconfig"; sourceTree = "<group>"; };
		4E0DD3826579E881EB65AE22 /* Pods-WeatherSkyTests.release.xcconfig */ = {isa = PBXFileReference; includeInIndex = 1; lastKnownFileType = text.xcconfig; name = "Pods-WeatherSkyTests.release.xcconfig"; path = "Target Support Files/Pods-WeatherSkyTests/Pods-WeatherSkyTests.release.xcconfig"; sourceTree = "<group>"; };
		6481C37E23CBEAF8AFEB5FE2 /* Pods_WeatherSky_WeatherSkyUITests.framework */ = {isa = PBXFileReference; explicitFileType = wrapper.framework; includeInIndex = 0; path = Pods_WeatherSky_WeatherSkyUITests.framework; sourceTree = BUILT_PRODUCTS_DIR; };
		7C02E3D92AC30B2D003B88ED /* SettingsViewController.swift */ = {isa = PBXFileReference; lastKnownFileType = sourcecode.swift; path = SettingsViewController.swift; sourceTree = "<group>"; };
		7C02E3DB2AC30B51003B88ED /* TabViewController.swift */ = {isa = PBXFileReference; lastKnownFileType = sourcecode.swift; path = TabViewController.swift; sourceTree = "<group>"; };
		7C02E3DD2AC3CE14003B88ED /* CurrentWeatherView.swift */ = {isa = PBXFileReference; lastKnownFileType = sourcecode.swift; path = CurrentWeatherView.swift; sourceTree = "<group>"; };
		7C02E3DF2AC3CE4D003B88ED /* SettingsView.swift */ = {isa = PBXFileReference; lastKnownFileType = sourcecode.swift; path = SettingsView.swift; sourceTree = "<group>"; };
		7CBA6A1C2AC2E59E0036BCEA /* WeatherSky.entitlements */ = {isa = PBXFileReference; lastKnownFileType = text.plist.entitlements; path = WeatherSky.entitlements; sourceTree = "<group>"; };
		7CBA6A1E2AC2E5B30036BCEA /* StoreKit.framework */ = {isa = PBXFileReference; lastKnownFileType = wrapper.framework; name = StoreKit.framework; path = System/Library/Frameworks/StoreKit.framework; sourceTree = SDKROOT; };
		7CDCEF752AC2D6F50041C135 /* WeatherSky.app */ = {isa = PBXFileReference; explicitFileType = wrapper.application; includeInIndex = 0; path = WeatherSky.app; sourceTree = BUILT_PRODUCTS_DIR; };
		7CDCEF782AC2D6F50041C135 /* AppDelegate.swift */ = {isa = PBXFileReference; lastKnownFileType = sourcecode.swift; path = AppDelegate.swift; sourceTree = "<group>"; };
		7CDCEF7A2AC2D6F50041C135 /* SceneDelegate.swift */ = {isa = PBXFileReference; lastKnownFileType = sourcecode.swift; path = SceneDelegate.swift; sourceTree = "<group>"; };
		7CDCEF7C2AC2D6F50041C135 /* WeatherViewController.swift */ = {isa = PBXFileReference; lastKnownFileType = sourcecode.swift; path = WeatherViewController.swift; sourceTree = "<group>"; };
		7CDCEF812AC2D6F90041C135 /* Assets.xcassets */ = {isa = PBXFileReference; lastKnownFileType = folder.assetcatalog; path = Assets.xcassets; sourceTree = "<group>"; };
		7CDCEF842AC2D6F90041C135 /* Base */ = {isa = PBXFileReference; lastKnownFileType = file.storyboard; name = Base; path = Base.lproj/LaunchScreen.storyboard; sourceTree = "<group>"; };
		7CDCEF862AC2D6F90041C135 /* Info.plist */ = {isa = PBXFileReference; lastKnownFileType = text.plist.xml; path = Info.plist; sourceTree = "<group>"; };
		7CDCEF8B2AC2D6F90041C135 /* WeatherSkyTests.xctest */ = {isa = PBXFileReference; explicitFileType = wrapper.cfbundle; includeInIndex = 0; path = WeatherSkyTests.xctest; sourceTree = BUILT_PRODUCTS_DIR; };
		7CDCEF8F2AC2D6F90041C135 /* WeatherSkyTests.swift */ = {isa = PBXFileReference; lastKnownFileType = sourcecode.swift; path = WeatherSkyTests.swift; sourceTree = "<group>"; };
		7CDCEF952AC2D6F90041C135 /* WeatherSkyUITests.xctest */ = {isa = PBXFileReference; explicitFileType = wrapper.cfbundle; includeInIndex = 0; path = WeatherSkyUITests.xctest; sourceTree = BUILT_PRODUCTS_DIR; };
		7CDCEF992AC2D6F90041C135 /* WeatherSkyUITests.swift */ = {isa = PBXFileReference; lastKnownFileType = sourcecode.swift; path = WeatherSkyUITests.swift; sourceTree = "<group>"; };
		7CDCEF9B2AC2D6F90041C135 /* WeatherSkyUITestsLaunchTests.swift */ = {isa = PBXFileReference; lastKnownFileType = sourcecode.swift; path = WeatherSkyUITestsLaunchTests.swift; sourceTree = "<group>"; };
		7CDCEFAE2AC2E03F0041C135 /* LocationManager.swift */ = {isa = PBXFileReference; lastKnownFileType = sourcecode.swift; path = LocationManager.swift; sourceTree = "<group>"; };
		7CDCEFB02AC2E0810041C135 /* IAPManager.swift */ = {isa = PBXFileReference; lastKnownFileType = sourcecode.swift; path = IAPManager.swift; sourceTree = "<group>"; };
		7CDCEFB22AC2E0C10041C135 /* WeatherManager.swift */ = {isa = PBXFileReference; lastKnownFileType = sourcecode.swift; path = WeatherManager.swift; sourceTree = "<group>"; };
		95C1240679CF041AD884745A /* Pods-WeatherSky.release.xcconfig */ = {isa = PBXFileReference; includeInIndex = 1; lastKnownFileType = text.xcconfig; name = "Pods-WeatherSky.release.xcconfig"; path = "Target Support Files/Pods-WeatherSky/Pods-WeatherSky.release.xcconfig"; sourceTree = "<group>"; };
		CD0B27D831B6EB44331370CE /* Pods_WeatherSky.framework */ = {isa = PBXFileReference; explicitFileType = wrapper.framework; includeInIndex = 0; path = Pods_WeatherSky.framework; sourceTree = BUILT_PRODUCTS_DIR; };
		CDB77F9B532DDC084B1E4794 /* Pods_WeatherSkyTests.framework */ = {isa = PBXFileReference; explicitFileType = wrapper.framework; includeInIndex = 0; path = Pods_WeatherSkyTests.framework; sourceTree = BUILT_PRODUCTS_DIR; };
		D22E89B82F5C52349BCE6F27 /* Pods-WeatherSky.debug.xcconfig */ = {isa = PBXFileReference; includeInIndex = 1; lastKnownFileType = text.xcconfig; name = "Pods-WeatherSky.debug.xcconfig"; path = "Target Support Files/Pods-WeatherSky/Pods-WeatherSky.debug.xcconfig"; sourceTree = "<group>"; };
		DA83B2B8B8781B8A266AD9AE /* Pods-WeatherSky-WeatherSkyUITests.debug.xcconfig */ = {isa = PBXFileReference; includeInIndex = 1; lastKnownFileType = text.xcconfig; name = "Pods-WeatherSky-WeatherSkyUITests.debug.xcconfig"; path = "Target Support Files/Pods-WeatherSky-WeatherSkyUITests/Pods-WeatherSky-WeatherSkyUITests.debug.xcconfig"; sourceTree = "<group>"; };
		E8CD556C28D06167E5230A62 /* Pods-WeatherSkyTests.debug.xcconfig */ = {isa = PBXFileReference; includeInIndex = 1; lastKnownFileType = text.xcconfig; name = "Pods-WeatherSkyTests.debug.xcconfig"; path = "Target Support Files/Pods-WeatherSkyTests/Pods-WeatherSkyTests.debug.xcconfig"; sourceTree = "<group>"; };
/* End PBXFileReference section */

/* Begin PBXFrameworksBuildPhase section */
		7CDCEF722AC2D6F50041C135 /* Frameworks */ = {
			isa = PBXFrameworksBuildPhase;
			buildActionMask = 2147483647;
			files = (
				7CBA6A1F2AC2E5B30036BCEA /* StoreKit.framework in Frameworks */,
				AF5157DF6E1B21EEFCB72178 /* Pods_WeatherSky.framework in Frameworks */,
			);
			runOnlyForDeploymentPostprocessing = 0;
		};
		7CDCEF882AC2D6F90041C135 /* Frameworks */ = {
			isa = PBXFrameworksBuildPhase;
			buildActionMask = 2147483647;
			files = (
				7C73A5C86F0F353FB1482126 /* Pods_WeatherSkyTests.framework in Frameworks */,
			);
			runOnlyForDeploymentPostprocessing = 0;
		};
		7CDCEF922AC2D6F90041C135 /* Frameworks */ = {
			isa = PBXFrameworksBuildPhase;
			buildActionMask = 2147483647;
			files = (
				71342DCA918B7B8C53F1BB7C /* Pods_WeatherSky_WeatherSkyUITests.framework in Frameworks */,
			);
			runOnlyForDeploymentPostprocessing = 0;
		};
/* End PBXFrameworksBuildPhase section */

/* Begin PBXGroup section */
		7CBA6A1D2AC2E5B30036BCEA /* Frameworks */ = {
			isa = PBXGroup;
			children = (
				7CBA6A1E2AC2E5B30036BCEA /* StoreKit.framework */,
				CD0B27D831B6EB44331370CE /* Pods_WeatherSky.framework */,
				6481C37E23CBEAF8AFEB5FE2 /* Pods_WeatherSky_WeatherSkyUITests.framework */,
				CDB77F9B532DDC084B1E4794 /* Pods_WeatherSkyTests.framework */,
			);
			name = Frameworks;
			sourceTree = "<group>";
		};
		7CDCEF6C2AC2D6F50041C135 = {
			isa = PBXGroup;
			children = (
				7CDCEF772AC2D6F50041C135 /* WeatherSky */,
				7CDCEF8E2AC2D6F90041C135 /* WeatherSkyTests */,
				7CDCEF982AC2D6F90041C135 /* WeatherSkyUITests */,
				7CDCEF762AC2D6F50041C135 /* Products */,
				7CBA6A1D2AC2E5B30036BCEA /* Frameworks */,
				7E4050EB1194069D6F45048D /* Pods */,
			);
			sourceTree = "<group>";
		};
		7CDCEF762AC2D6F50041C135 /* Products */ = {
			isa = PBXGroup;
			children = (
				7CDCEF752AC2D6F50041C135 /* WeatherSky.app */,
				7CDCEF8B2AC2D6F90041C135 /* WeatherSkyTests.xctest */,
				7CDCEF952AC2D6F90041C135 /* WeatherSkyUITests.xctest */,
			);
			name = Products;
			sourceTree = "<group>";
		};
		7CDCEF772AC2D6F50041C135 /* WeatherSky */ = {
			isa = PBXGroup;
			children = (
				7CBA6A1C2AC2E59E0036BCEA /* WeatherSky.entitlements */,
				7CDCEFAD2AC2E0110041C135 /* Managers */,
				7CDCEFAC2AC2DFCA0041C135 /* Other */,
				7CDCEFAB2AC2DFC20041C135 /* Models */,
				7CDCEFAA2AC2DFBC0041C135 /* Controllers */,
				7CDCEFA92AC2DFB60041C135 /* ViewsModel */,
				7CDCEFA82AC2DFAF0041C135 /* Views */,
				7CDCEF862AC2D6F90041C135 /* Info.plist */,
			);
			path = WeatherSky;
			sourceTree = "<group>";
		};
		7CDCEF8E2AC2D6F90041C135 /* WeatherSkyTests */ = {
			isa = PBXGroup;
			children = (
				7CDCEF8F2AC2D6F90041C135 /* WeatherSkyTests.swift */,
			);
			path = WeatherSkyTests;
			sourceTree = "<group>";
		};
		7CDCEF982AC2D6F90041C135 /* WeatherSkyUITests */ = {
			isa = PBXGroup;
			children = (
				7CDCEF992AC2D6F90041C135 /* WeatherSkyUITests.swift */,
				7CDCEF9B2AC2D6F90041C135 /* WeatherSkyUITestsLaunchTests.swift */,
			);
			path = WeatherSkyUITests;
			sourceTree = "<group>";
		};
		7CDCEFA82AC2DFAF0041C135 /* Views */ = {
			isa = PBXGroup;
			children = (
				7C02E3DD2AC3CE14003B88ED /* CurrentWeatherView.swift */,
				7C02E3DF2AC3CE4D003B88ED /* SettingsView.swift */,
			);
			path = Views;
			sourceTree = "<group>";
		};
		7CDCEFA92AC2DFB60041C135 /* ViewsModel */ = {
			isa = PBXGroup;
			children = (
			);
			path = ViewsModel;
			sourceTree = "<group>";
		};
		7CDCEFAA2AC2DFBC0041C135 /* Controllers */ = {
			isa = PBXGroup;
			children = (
				7CDCEF7C2AC2D6F50041C135 /* WeatherViewController.swift */,
				7C02E3D92AC30B2D003B88ED /* SettingsViewController.swift */,
				7C02E3DB2AC30B51003B88ED /* TabViewController.swift */,
			);
			path = Controllers;
			sourceTree = "<group>";
		};
		7CDCEFAB2AC2DFC20041C135 /* Models */ = {
			isa = PBXGroup;
			children = (
			);
			path = Models;
			sourceTree = "<group>";
		};
		7CDCEFAC2AC2DFCA0041C135 /* Other */ = {
			isa = PBXGroup;
			children = (
				7CDCEF832AC2D6F90041C135 /* LaunchScreen.storyboard */,
				7CDCEF782AC2D6F50041C135 /* AppDelegate.swift */,
				7CDCEF7A2AC2D6F50041C135 /* SceneDelegate.swift */,
				7CDCEF812AC2D6F90041C135 /* Assets.xcassets */,
			);
			path = Other;
			sourceTree = "<group>";
		};
		7CDCEFAD2AC2E0110041C135 /* Managers */ = {
			isa = PBXGroup;
			children = (
				7CDCEFAE2AC2E03F0041C135 /* LocationManager.swift */,
				7CDCEFB02AC2E0810041C135 /* IAPManager.swift */,
				7CDCEFB22AC2E0C10041C135 /* WeatherManager.swift */,
			);
			path = Managers;
			sourceTree = "<group>";
		};
		7E4050EB1194069D6F45048D /* Pods */ = {
			isa = PBXGroup;
			children = (
				D22E89B82F5C52349BCE6F27 /* Pods-WeatherSky.debug.xcconfig */,
				95C1240679CF041AD884745A /* Pods-WeatherSky.release.xcconfig */,
				DA83B2B8B8781B8A266AD9AE /* Pods-WeatherSky-WeatherSkyUITests.debug.xcconfig */,
				294CB0E82A7A64D162B3BAA1 /* Pods-WeatherSky-WeatherSkyUITests.release.xcconfig */,
				E8CD556C28D06167E5230A62 /* Pods-WeatherSkyTests.debug.xcconfig */,
				4E0DD3826579E881EB65AE22 /* Pods-WeatherSkyTests.release.xcconfig */,
			);
			path = Pods;
			sourceTree = "<group>";
		};
/* End PBXGroup section */

/* Begin PBXNativeTarget section */
		7CDCEF742AC2D6F50041C135 /* WeatherSky */ = {
			isa = PBXNativeTarget;
			buildConfigurationList = 7CDCEF9F2AC2D6F90041C135 /* Build configuration list for PBXNativeTarget "WeatherSky" */;
			buildPhases = (
				DF08D2079BD33072F03A372D /* [CP] Check Pods Manifest.lock */,
				7CDCEF712AC2D6F50041C135 /* Sources */,
				7CDCEF722AC2D6F50041C135 /* Frameworks */,
				7CDCEF732AC2D6F50041C135 /* Resources */,
			);
			buildRules = (
			);
			dependencies = (
			);
			name = WeatherSky;
			productName = WeatherSky;
			productReference = 7CDCEF752AC2D6F50041C135 /* WeatherSky.app */;
			productType = "com.apple.product-type.application";
		};
		7CDCEF8A2AC2D6F90041C135 /* WeatherSkyTests */ = {
			isa = PBXNativeTarget;
			buildConfigurationList = 7CDCEFA22AC2D6F90041C135 /* Build configuration list for PBXNativeTarget "WeatherSkyTests" */;
			buildPhases = (
				6752DD8932CB2B12EE4A04E6 /* [CP] Check Pods Manifest.lock */,
				7CDCEF872AC2D6F90041C135 /* Sources */,
				7CDCEF882AC2D6F90041C135 /* Frameworks */,
				7CDCEF892AC2D6F90041C135 /* Resources */,
				C3A1D45E2CA925AF51C1B034 /* [CP] Embed Pods Frameworks */,
			);
			buildRules = (
			);
			dependencies = (
				7CDCEF8D2AC2D6F90041C135 /* PBXTargetDependency */,
			);
			name = WeatherSkyTests;
			productName = WeatherSkyTests;
			productReference = 7CDCEF8B2AC2D6F90041C135 /* WeatherSkyTests.xctest */;
			productType = "com.apple.product-type.bundle.unit-test";
		};
		7CDCEF942AC2D6F90041C135 /* WeatherSkyUITests */ = {
			isa = PBXNativeTarget;
			buildConfigurationList = 7CDCEFA52AC2D6F90041C135 /* Build configuration list for PBXNativeTarget "WeatherSkyUITests" */;
			buildPhases = (
				FF37019DCDF0CF10F3E11F5C /* [CP] Check Pods Manifest.lock */,
				7CDCEF912AC2D6F90041C135 /* Sources */,
				7CDCEF922AC2D6F90041C135 /* Frameworks */,
				7CDCEF932AC2D6F90041C135 /* Resources */,
			);
			buildRules = (
			);
			dependencies = (
				7CDCEF972AC2D6F90041C135 /* PBXTargetDependency */,
			);
			name = WeatherSkyUITests;
			productName = WeatherSkyUITests;
			productReference = 7CDCEF952AC2D6F90041C135 /* WeatherSkyUITests.xctest */;
			productType = "com.apple.product-type.bundle.ui-testing";
		};
/* End PBXNativeTarget section */

/* Begin PBXProject section */
		7CDCEF6D2AC2D6F50041C135 /* Project object */ = {
			isa = PBXProject;
			attributes = {
				BuildIndependentTargetsInParallel = 1;
				LastSwiftUpdateCheck = 1500;
				LastUpgradeCheck = 1500;
				TargetAttributes = {
					7CDCEF742AC2D6F50041C135 = {
						CreatedOnToolsVersion = 15.0;
					};
					7CDCEF8A2AC2D6F90041C135 = {
						CreatedOnToolsVersion = 15.0;
						TestTargetID = 7CDCEF742AC2D6F50041C135;
					};
					7CDCEF942AC2D6F90041C135 = {
						CreatedOnToolsVersion = 15.0;
						TestTargetID = 7CDCEF742AC2D6F50041C135;
					};
				};
			};
			buildConfigurationList = 7CDCEF702AC2D6F50041C135 /* Build configuration list for PBXProject "WeatherSky" */;
			compatibilityVersion = "Xcode 14.0";
			developmentRegion = en;
			hasScannedForEncodings = 0;
			knownRegions = (
				en,
				Base,
			);
			mainGroup = 7CDCEF6C2AC2D6F50041C135;
			productRefGroup = 7CDCEF762AC2D6F50041C135 /* Products */;
			projectDirPath = "";
			projectRoot = "";
			targets = (
				7CDCEF742AC2D6F50041C135 /* WeatherSky */,
				7CDCEF8A2AC2D6F90041C135 /* WeatherSkyTests */,
				7CDCEF942AC2D6F90041C135 /* WeatherSkyUITests */,
			);
		};
/* End PBXProject section */

/* Begin PBXResourcesBuildPhase section */
		7CDCEF732AC2D6F50041C135 /* Resources */ = {
			isa = PBXResourcesBuildPhase;
			buildActionMask = 2147483647;
			files = (
				7CDCEF852AC2D6F90041C135 /* LaunchScreen.storyboard in Resources */,
				7CDCEF822AC2D6F90041C135 /* Assets.xcassets in Resources */,
			);
			runOnlyForDeploymentPostprocessing = 0;
		};
		7CDCEF892AC2D6F90041C135 /* Resources */ = {
			isa = PBXResourcesBuildPhase;
			buildActionMask = 2147483647;
			files = (
			);
			runOnlyForDeploymentPostprocessing = 0;
		};
		7CDCEF932AC2D6F90041C135 /* Resources */ = {
			isa = PBXResourcesBuildPhase;
			buildActionMask = 2147483647;
			files = (
			);
			runOnlyForDeploymentPostprocessing = 0;
		};
/* End PBXResourcesBuildPhase section */

/* Begin PBXShellScriptBuildPhase section */
		6752DD8932CB2B12EE4A04E6 /* [CP] Check Pods Manifest.lock */ = {
			isa = PBXShellScriptBuildPhase;
			buildActionMask = 2147483647;
			files = (
			);
			inputFileListPaths = (
			);
			inputPaths = (
				"${PODS_PODFILE_DIR_PATH}/Podfile.lock",
				"${PODS_ROOT}/Manifest.lock",
			);
			name = "[CP] Check Pods Manifest.lock";
			outputFileListPaths = (
			);
			outputPaths = (
				"$(DERIVED_FILE_DIR)/Pods-WeatherSkyTests-checkManifestLockResult.txt",
			);
			runOnlyForDeploymentPostprocessing = 0;
			shellPath = /bin/sh;
			shellScript = "diff \"${PODS_PODFILE_DIR_PATH}/Podfile.lock\" \"${PODS_ROOT}/Manifest.lock\" > /dev/null\nif [ $? != 0 ] ; then\n    # print error to STDERR\n    echo \"error: The sandbox is not in sync with the Podfile.lock. Run 'pod install' or update your CocoaPods installation.\" >&2\n    exit 1\nfi\n# This output is used by Xcode 'outputs' to avoid re-running this script phase.\necho \"SUCCESS\" > \"${SCRIPT_OUTPUT_FILE_0}\"\n";
			showEnvVarsInLog = 0;
		};
		C3A1D45E2CA925AF51C1B034 /* [CP] Embed Pods Frameworks */ = {
			isa = PBXShellScriptBuildPhase;
			buildActionMask = 2147483647;
			files = (
			);
			inputFileListPaths = (
				"${PODS_ROOT}/Target Support Files/Pods-WeatherSkyTests/Pods-WeatherSkyTests-frameworks-${CONFIGURATION}-input-files.xcfilelist",
			);
			name = "[CP] Embed Pods Frameworks";
			outputFileListPaths = (
				"${PODS_ROOT}/Target Support Files/Pods-WeatherSkyTests/Pods-WeatherSkyTests-frameworks-${CONFIGURATION}-output-files.xcfilelist",
			);
			runOnlyForDeploymentPostprocessing = 0;
			shellPath = /bin/sh;
			shellScript = "\"${PODS_ROOT}/Target Support Files/Pods-WeatherSkyTests/Pods-WeatherSkyTests-frameworks.sh\"\n";
			showEnvVarsInLog = 0;
		};
		DF08D2079BD33072F03A372D /* [CP] Check Pods Manifest.lock */ = {
			isa = PBXShellScriptBuildPhase;
			buildActionMask = 2147483647;
			files = (
			);
			inputFileListPaths = (
			);
			inputPaths = (
				"${PODS_PODFILE_DIR_PATH}/Podfile.lock",
				"${PODS_ROOT}/Manifest.lock",
			);
			name = "[CP] Check Pods Manifest.lock";
			outputFileListPaths = (
			);
			outputPaths = (
				"$(DERIVED_FILE_DIR)/Pods-WeatherSky-checkManifestLockResult.txt",
			);
			runOnlyForDeploymentPostprocessing = 0;
			shellPath = /bin/sh;
			shellScript = "diff \"${PODS_PODFILE_DIR_PATH}/Podfile.lock\" \"${PODS_ROOT}/Manifest.lock\" > /dev/null\nif [ $? != 0 ] ; then\n    # print error to STDERR\n    echo \"error: The sandbox is not in sync with the Podfile.lock. Run 'pod install' or update your CocoaPods installation.\" >&2\n    exit 1\nfi\n# This output is used by Xcode 'outputs' to avoid re-running this script phase.\necho \"SUCCESS\" > \"${SCRIPT_OUTPUT_FILE_0}\"\n";
			showEnvVarsInLog = 0;
		};
		FF37019DCDF0CF10F3E11F5C /* [CP] Check Pods Manifest.lock */ = {
			isa = PBXShellScriptBuildPhase;
			buildActionMask = 2147483647;
			files = (
			);
			inputFileListPaths = (
			);
			inputPaths = (
				"${PODS_PODFILE_DIR_PATH}/Podfile.lock",
				"${PODS_ROOT}/Manifest.lock",
			);
			name = "[CP] Check Pods Manifest.lock";
			outputFileListPaths = (
			);
			outputPaths = (
				"$(DERIVED_FILE_DIR)/Pods-WeatherSky-WeatherSkyUITests-checkManifestLockResult.txt",
			);
			runOnlyForDeploymentPostprocessing = 0;
			shellPath = /bin/sh;
			shellScript = "diff \"${PODS_PODFILE_DIR_PATH}/Podfile.lock\" \"${PODS_ROOT}/Manifest.lock\" > /dev/null\nif [ $? != 0 ] ; then\n    # print error to STDERR\n    echo \"error: The sandbox is not in sync with the Podfile.lock. Run 'pod install' or update your CocoaPods installation.\" >&2\n    exit 1\nfi\n# This output is used by Xcode 'outputs' to avoid re-running this script phase.\necho \"SUCCESS\" > \"${SCRIPT_OUTPUT_FILE_0}\"\n";
			showEnvVarsInLog = 0;
		};
/* End PBXShellScriptBuildPhase section */

/* Begin PBXSourcesBuildPhase section */
		7CDCEF712AC2D6F50041C135 /* Sources */ = {
			isa = PBXSourcesBuildPhase;
			buildActionMask = 2147483647;
			files = (
				7C02E3DC2AC30B51003B88ED /* TabViewController.swift in Sources */,
				7CDCEFB32AC2E0C10041C135 /* WeatherManager.swift in Sources */,
				7CDCEFAF2AC2E03F0041C135 /* LocationManager.swift in Sources */,
				7C02E3DE2AC3CE14003B88ED /* CurrentWeatherView.swift in Sources */,
				7C02E3DA2AC30B2D003B88ED /* SettingsViewController.swift in Sources */,
				7C02E3E02AC3CE4D003B88ED /* SettingsView.swift in Sources */,
				7CDCEFB12AC2E0810041C135 /* IAPManager.swift in Sources */,
				7CDCEF7D2AC2D6F50041C135 /* WeatherViewController.swift in Sources */,
				7CDCEF792AC2D6F50041C135 /* AppDelegate.swift in Sources */,
				7CDCEF7B2AC2D6F50041C135 /* SceneDelegate.swift in Sources */,
			);
			runOnlyForDeploymentPostprocessing = 0;
		};
		7CDCEF872AC2D6F90041C135 /* Sources */ = {
			isa = PBXSourcesBuildPhase;
			buildActionMask = 2147483647;
			files = (
				7CDCEF902AC2D6F90041C135 /* WeatherSkyTests.swift in Sources */,
			);
			runOnlyForDeploymentPostprocessing = 0;
		};
		7CDCEF912AC2D6F90041C135 /* Sources */ = {
			isa = PBXSourcesBuildPhase;
			buildActionMask = 2147483647;
			files = (
				7CDCEF9A2AC2D6F90041C135 /* WeatherSkyUITests.swift in Sources */,
				7CDCEF9C2AC2D6F90041C135 /* WeatherSkyUITestsLaunchTests.swift in Sources */,
			);
			runOnlyForDeploymentPostprocessing = 0;
		};
/* End PBXSourcesBuildPhase section */

/* Begin PBXTargetDependency section */
		7CDCEF8D2AC2D6F90041C135 /* PBXTargetDependency */ = {
			isa = PBXTargetDependency;
			target = 7CDCEF742AC2D6F50041C135 /* WeatherSky */;
			targetProxy = 7CDCEF8C2AC2D6F90041C135 /* PBXContainerItemProxy */;
		};
		7CDCEF972AC2D6F90041C135 /* PBXTargetDependency */ = {
			isa = PBXTargetDependency;
			target = 7CDCEF742AC2D6F50041C135 /* WeatherSky */;
			targetProxy = 7CDCEF962AC2D6F90041C135 /* PBXContainerItemProxy */;
		};
/* End PBXTargetDependency section */

/* Begin PBXVariantGroup section */
		7CDCEF832AC2D6F90041C135 /* LaunchScreen.storyboard */ = {
			isa = PBXVariantGroup;
			children = (
				7CDCEF842AC2D6F90041C135 /* Base */,
			);
			name = LaunchScreen.storyboard;
			sourceTree = "<group>";
		};
/* End PBXVariantGroup section */

/* Begin XCBuildConfiguration section */
		7CDCEF9D2AC2D6F90041C135 /* Debug */ = {
			isa = XCBuildConfiguration;
			buildSettings = {
				ALWAYS_SEARCH_USER_PATHS = NO;
				ASSETCATALOG_COMPILER_GENERATE_SWIFT_ASSET_SYMBOL_EXTENSIONS = YES;
				CLANG_ANALYZER_NONNULL = YES;
				CLANG_ANALYZER_NUMBER_OBJECT_CONVERSION = YES_AGGRESSIVE;
				CLANG_CXX_LANGUAGE_STANDARD = "gnu++20";
				CLANG_ENABLE_MODULES = YES;
				CLANG_ENABLE_OBJC_ARC = YES;
				CLANG_ENABLE_OBJC_WEAK = YES;
				CLANG_WARN_BLOCK_CAPTURE_AUTORELEASING = YES;
				CLANG_WARN_BOOL_CONVERSION = YES;
				CLANG_WARN_COMMA = YES;
				CLANG_WARN_CONSTANT_CONVERSION = YES;
				CLANG_WARN_DEPRECATED_OBJC_IMPLEMENTATIONS = YES;
				CLANG_WARN_DIRECT_OBJC_ISA_USAGE = YES_ERROR;
				CLANG_WARN_DOCUMENTATION_COMMENTS = YES;
				CLANG_WARN_EMPTY_BODY = YES;
				CLANG_WARN_ENUM_CONVERSION = YES;
				CLANG_WARN_INFINITE_RECURSION = YES;
				CLANG_WARN_INT_CONVERSION = YES;
				CLANG_WARN_NON_LITERAL_NULL_CONVERSION = YES;
				CLANG_WARN_OBJC_IMPLICIT_RETAIN_SELF = YES;
				CLANG_WARN_OBJC_LITERAL_CONVERSION = YES;
				CLANG_WARN_OBJC_ROOT_CLASS = YES_ERROR;
				CLANG_WARN_QUOTED_INCLUDE_IN_FRAMEWORK_HEADER = YES;
				CLANG_WARN_RANGE_LOOP_ANALYSIS = YES;
				CLANG_WARN_STRICT_PROTOTYPES = YES;
				CLANG_WARN_SUSPICIOUS_MOVE = YES;
				CLANG_WARN_UNGUARDED_AVAILABILITY = YES_AGGRESSIVE;
				CLANG_WARN_UNREACHABLE_CODE = YES;
				CLANG_WARN__DUPLICATE_METHOD_MATCH = YES;
				COPY_PHASE_STRIP = NO;
				DEBUG_INFORMATION_FORMAT = dwarf;
				ENABLE_STRICT_OBJC_MSGSEND = YES;
				ENABLE_TESTABILITY = YES;
				ENABLE_USER_SCRIPT_SANDBOXING = YES;
				GCC_C_LANGUAGE_STANDARD = gnu17;
				GCC_DYNAMIC_NO_PIC = NO;
				GCC_NO_COMMON_BLOCKS = YES;
				GCC_OPTIMIZATION_LEVEL = 0;
				GCC_PREPROCESSOR_DEFINITIONS = (
					"DEBUG=1",
					"$(inherited)",
				);
				GCC_WARN_64_TO_32_BIT_CONVERSION = YES;
				GCC_WARN_ABOUT_RETURN_TYPE = YES_ERROR;
				GCC_WARN_UNDECLARED_SELECTOR = YES;
				GCC_WARN_UNINITIALIZED_AUTOS = YES_AGGRESSIVE;
				GCC_WARN_UNUSED_FUNCTION = YES;
				GCC_WARN_UNUSED_VARIABLE = YES;
				IPHONEOS_DEPLOYMENT_TARGET = 17.0;
				LOCALIZATION_PREFERS_STRING_CATALOGS = YES;
				MTL_ENABLE_DEBUG_INFO = INCLUDE_SOURCE;
				MTL_FAST_MATH = YES;
				ONLY_ACTIVE_ARCH = YES;
				SDKROOT = iphoneos;
				SWIFT_ACTIVE_COMPILATION_CONDITIONS = "DEBUG $(inherited)";
				SWIFT_OPTIMIZATION_LEVEL = "-Onone";
			};
			name = Debug;
		};
		7CDCEF9E2AC2D6F90041C135 /* Release */ = {
			isa = XCBuildConfiguration;
			buildSettings = {
				ALWAYS_SEARCH_USER_PATHS = NO;
				ASSETCATALOG_COMPILER_GENERATE_SWIFT_ASSET_SYMBOL_EXTENSIONS = YES;
				CLANG_ANALYZER_NONNULL = YES;
				CLANG_ANALYZER_NUMBER_OBJECT_CONVERSION = YES_AGGRESSIVE;
				CLANG_CXX_LANGUAGE_STANDARD = "gnu++20";
				CLANG_ENABLE_MODULES = YES;
				CLANG_ENABLE_OBJC_ARC = YES;
				CLANG_ENABLE_OBJC_WEAK = YES;
				CLANG_WARN_BLOCK_CAPTURE_AUTORELEASING = YES;
				CLANG_WARN_BOOL_CONVERSION = YES;
				CLANG_WARN_COMMA = YES;
				CLANG_WARN_CONSTANT_CONVERSION = YES;
				CLANG_WARN_DEPRECATED_OBJC_IMPLEMENTATIONS = YES;
				CLANG_WARN_DIRECT_OBJC_ISA_USAGE = YES_ERROR;
				CLANG_WARN_DOCUMENTATION_COMMENTS = YES;
				CLANG_WARN_EMPTY_BODY = YES;
				CLANG_WARN_ENUM_CONVERSION = YES;
				CLANG_WARN_INFINITE_RECURSION = YES;
				CLANG_WARN_INT_CONVERSION = YES;
				CLANG_WARN_NON_LITERAL_NULL_CONVERSION = YES;
				CLANG_WARN_OBJC_IMPLICIT_RETAIN_SELF = YES;
				CLANG_WARN_OBJC_LITERAL_CONVERSION = YES;
				CLANG_WARN_OBJC_ROOT_CLASS = YES_ERROR;
				CLANG_WARN_QUOTED_INCLUDE_IN_FRAMEWORK_HEADER = YES;
				CLANG_WARN_RANGE_LOOP_ANALYSIS = YES;
				CLANG_WARN_STRICT_PROTOTYPES = YES;
				CLANG_WARN_SUSPICIOUS_MOVE = YES;
				CLANG_WARN_UNGUARDED_AVAILABILITY = YES_AGGRESSIVE;
				CLANG_WARN_UNREACHABLE_CODE = YES;
				CLANG_WARN__DUPLICATE_METHOD_MATCH = YES;
				COPY_PHASE_STRIP = NO;
				DEBUG_INFORMATION_FORMAT = "dwarf-with-dsym";
				ENABLE_NS_ASSERTIONS = NO;
				ENABLE_STRICT_OBJC_MSGSEND = YES;
				ENABLE_USER_SCRIPT_SANDBOXING = YES;
				GCC_C_LANGUAGE_STANDARD = gnu17;
				GCC_NO_COMMON_BLOCKS = YES;
				GCC_WARN_64_TO_32_BIT_CONVERSION = YES;
				GCC_WARN_ABOUT_RETURN_TYPE = YES_ERROR;
				GCC_WARN_UNDECLARED_SELECTOR = YES;
				GCC_WARN_UNINITIALIZED_AUTOS = YES_AGGRESSIVE;
				GCC_WARN_UNUSED_FUNCTION = YES;
				GCC_WARN_UNUSED_VARIABLE = YES;
				IPHONEOS_DEPLOYMENT_TARGET = 17.0;
				LOCALIZATION_PREFERS_STRING_CATALOGS = YES;
				MTL_ENABLE_DEBUG_INFO = NO;
				MTL_FAST_MATH = YES;
				SDKROOT = iphoneos;
				SWIFT_COMPILATION_MODE = wholemodule;
				VALIDATE_PRODUCT = YES;
			};
			name = Release;
		};
		7CDCEFA02AC2D6F90041C135 /* Debug */ = {
			isa = XCBuildConfiguration;
			baseConfigurationReference = D22E89B82F5C52349BCE6F27 /* Pods-WeatherSky.debug.xcconfig */;
			buildSettings = {
				ASSETCATALOG_COMPILER_APPICON_NAME = AppIcon;
				ASSETCATALOG_COMPILER_GLOBAL_ACCENT_COLOR_NAME = AccentColor;
				CODE_SIGN_ENTITLEMENTS = WeatherSky/WeatherSky.entitlements;
				CODE_SIGN_STYLE = Automatic;
				CURRENT_PROJECT_VERSION = 1;
				DEVELOPMENT_TEAM = ALG8D65725;
				GENERATE_INFOPLIST_FILE = YES;
				INFOPLIST_FILE = WeatherSky/Info.plist;
				INFOPLIST_KEY_LSApplicationCategoryType = "public.app-category.weather";
				INFOPLIST_KEY_UIApplicationSupportsIndirectInputEvents = YES;
				INFOPLIST_KEY_UILaunchStoryboardName = LaunchScreen;
				INFOPLIST_KEY_UISupportedInterfaceOrientations = UIInterfaceOrientationPortrait;
				LD_RUNPATH_SEARCH_PATHS = (
					"$(inherited)",
					"@executable_path/Frameworks",
				);
				MARKETING_VERSION = 1.0;
				PRODUCT_BUNDLE_IDENTIFIER = com.alfinindrawan.WeatherSky;
				PRODUCT_NAME = "$(TARGET_NAME)";
				SWIFT_EMIT_LOC_STRINGS = YES;
				SWIFT_VERSION = 5.0;
				TARGETED_DEVICE_FAMILY = "1,2";
			};
			name = Debug;
		};
		7CDCEFA12AC2D6F90041C135 /* Release */ = {
			isa = XCBuildConfiguration;
			baseConfigurationReference = 95C1240679CF041AD884745A /* Pods-WeatherSky.release.xcconfig */;
			buildSettings = {
				ASSETCATALOG_COMPILER_APPICON_NAME = AppIcon;
				ASSETCATALOG_COMPILER_GLOBAL_ACCENT_COLOR_NAME = AccentColor;
				CODE_SIGN_ENTITLEMENTS = WeatherSky/WeatherSky.entitlements;
				CODE_SIGN_STYLE = Automatic;
				CURRENT_PROJECT_VERSION = 1;
				DEVELOPMENT_TEAM = ALG8D65725;
				GENERATE_INFOPLIST_FILE = YES;
				INFOPLIST_FILE = WeatherSky/Info.plist;
				INFOPLIST_KEY_LSApplicationCategoryType = "public.app-category.weather";
				INFOPLIST_KEY_UIApplicationSupportsIndirectInputEvents = YES;
				INFOPLIST_KEY_UILaunchStoryboardName = LaunchScreen;
				INFOPLIST_KEY_UISupportedInterfaceOrientations = UIInterfaceOrientationPortrait;
				LD_RUNPATH_SEARCH_PATHS = (
					"$(inherited)",
					"@executable_path/Frameworks",
				);
				MARKETING_VERSION = 1.0;
				PRODUCT_BUNDLE_IDENTIFIER = com.alfinindrawan.WeatherSky;
				PRODUCT_NAME = "$(TARGET_NAME)";
				SWIFT_EMIT_LOC_STRINGS = YES;
				SWIFT_VERSION = 5.0;
				TARGETED_DEVICE_FAMILY = "1,2";
			};
			name = Release;
		};
		7CDCEFA32AC2D6F90041C135 /* Debug */ = {
			isa = XCBuildConfiguration;
			baseConfigurationReference = E8CD556C28D06167E5230A62 /* Pods-WeatherSkyTests.debug.xcconfig */;
			buildSettings = {
				ALWAYS_EMBED_SWIFT_STANDARD_LIBRARIES = YES;
				BUNDLE_LOADER = "$(TEST_HOST)";
				CODE_SIGN_STYLE = Automatic;
				CURRENT_PROJECT_VERSION = 1;
				DEVELOPMENT_TEAM = ALG8D65725;
				GENERATE_INFOPLIST_FILE = YES;
				IPHONEOS_DEPLOYMENT_TARGET = 17.0;
				MARKETING_VERSION = 1.0;
				PRODUCT_BUNDLE_IDENTIFIER = com.alfinindrawan.WeatherSkyTests;
				PRODUCT_NAME = "$(TARGET_NAME)";
				SWIFT_EMIT_LOC_STRINGS = NO;
				SWIFT_VERSION = 5.0;
				TARGETED_DEVICE_FAMILY = "1,2";
				TEST_HOST = "$(BUILT_PRODUCTS_DIR)/WeatherSky.app/$(BUNDLE_EXECUTABLE_FOLDER_PATH)/WeatherSky";
			};
			name = Debug;
		};
		7CDCEFA42AC2D6F90041C135 /* Release */ = {
			isa = XCBuildConfiguration;
			baseConfigurationReference = 4E0DD3826579E881EB65AE22 /* Pods-WeatherSkyTests.release.xcconfig */;
			buildSettings = {
				ALWAYS_EMBED_SWIFT_STANDARD_LIBRARIES = YES;
				BUNDLE_LOADER = "$(TEST_HOST)";
				CODE_SIGN_STYLE = Automatic;
				CURRENT_PROJECT_VERSION = 1;
				DEVELOPMENT_TEAM = ALG8D65725;
				GENERATE_INFOPLIST_FILE = YES;
				IPHONEOS_DEPLOYMENT_TARGET = 17.0;
				MARKETING_VERSION = 1.0;
				PRODUCT_BUNDLE_IDENTIFIER = com.alfinindrawan.WeatherSkyTests;
				PRODUCT_NAME = "$(TARGET_NAME)";
				SWIFT_EMIT_LOC_STRINGS = NO;
				SWIFT_VERSION = 5.0;
				TARGETED_DEVICE_FAMILY = "1,2";
				TEST_HOST = "$(BUILT_PRODUCTS_DIR)/WeatherSky.app/$(BUNDLE_EXECUTABLE_FOLDER_PATH)/WeatherSky";
			};
			name = Release;
		};
		7CDCEFA62AC2D6F90041C135 /* Debug */ = {
			isa = XCBuildConfiguration;
			baseConfigurationReference = DA83B2B8B8781B8A266AD9AE /* Pods-WeatherSky-WeatherSkyUITests.debug.xcconfig */;
			buildSettings = {
				ALWAYS_EMBED_SWIFT_STANDARD_LIBRARIES = YES;
				CODE_SIGN_STYLE = Automatic;
				CURRENT_PROJECT_VERSION = 1;
				DEVELOPMENT_TEAM = ALG8D65725;
				GENERATE_INFOPLIST_FILE = YES;
				MARKETING_VERSION = 1.0;
				PRODUCT_BUNDLE_IDENTIFIER = com.alfinindrawan.WeatherSkyUITests;
				PRODUCT_NAME = "$(TARGET_NAME)";
				SWIFT_EMIT_LOC_STRINGS = NO;
				SWIFT_VERSION = 5.0;
				TARGETED_DEVICE_FAMILY = "1,2";
				TEST_TARGET_NAME = WeatherSky;
			};
			name = Debug;
		};
		7CDCEFA72AC2D6F90041C135 /* Release */ = {
			isa = XCBuildConfiguration;
			baseConfigurationReference = 294CB0E82A7A64D162B3BAA1 /* Pods-WeatherSky-WeatherSkyUITests.release.xcconfig */;
			buildSettings = {
				ALWAYS_EMBED_SWIFT_STANDARD_LIBRARIES = YES;
				CODE_SIGN_STYLE = Automatic;
				CURRENT_PROJECT_VERSION = 1;
				DEVELOPMENT_TEAM = ALG8D65725;
				GENERATE_INFOPLIST_FILE = YES;
				MARKETING_VERSION = 1.0;
				PRODUCT_BUNDLE_IDENTIFIER = com.alfinindrawan.WeatherSkyUITests;
				PRODUCT_NAME = "$(TARGET_NAME)";
				SWIFT_EMIT_LOC_STRINGS = NO;
				SWIFT_VERSION = 5.0;
				TARGETED_DEVICE_FAMILY = "1,2";
				TEST_TARGET_NAME = WeatherSky;
			};
			name = Release;
		};
/* End XCBuildConfiguration section */

/* Begin XCConfigurationList section */
		7CDCEF702AC2D6F50041C135 /* Build configuration list for PBXProject "WeatherSky" */ = {
			isa = XCConfigurationList;
			buildConfigurations = (
				7CDCEF9D2AC2D6F90041C135 /* Debug */,
				7CDCEF9E2AC2D6F90041C135 /* Release */,
			);
			defaultConfigurationIsVisible = 0;
			defaultConfigurationName = Release;
		};
		7CDCEF9F2AC2D6F90041C135 /* Build configuration list for PBXNativeTarget "WeatherSky" */ = {
			isa = XCConfigurationList;
			buildConfigurations = (
				7CDCEFA02AC2D6F90041C135 /* Debug */,
				7CDCEFA12AC2D6F90041C135 /* Release */,
			);
			defaultConfigurationIsVisible = 0;
			defaultConfigurationName = Release;
		};
		7CDCEFA22AC2D6F90041C135 /* Build configuration list for PBXNativeTarget "WeatherSkyTests" */ = {
			isa = XCConfigurationList;
			buildConfigurations = (
				7CDCEFA32AC2D6F90041C135 /* Debug */,
				7CDCEFA42AC2D6F90041C135 /* Release */,
			);
			defaultConfigurationIsVisible = 0;
			defaultConfigurationName = Release;
		};
		7CDCEFA52AC2D6F90041C135 /* Build configuration list for PBXNativeTarget "WeatherSkyUITests" */ = {
			isa = XCConfigurationList;
			buildConfigurations = (
				7CDCEFA62AC2D6F90041C135 /* Debug */,
				7CDCEFA72AC2D6F90041C135 /* Release */,
			);
			defaultConfigurationIsVisible = 0;
			defaultConfigurationName = Release;
		};
/* End XCConfigurationList section */
	};
	rootObject = 7CDCEF6D2AC2D6F50041C135 /* Project object */;
}
